{
  "version": 4,
  "terraform_version": "1.10.5",
  "serial": 15,
  "lineage": "c6e98934-5094-ff32-b38d-4995a3b54c48",
  "outputs": {},
  "resources": [
    {
      "mode": "managed",
      "type": "docker_image",
      "name": "microservice",
      "provider": "provider[\"registry.terraform.io/kreuzwerker/docker\"]",
      "instances": [
        {
          "schema_version": 0,
          "attributes": {
            "build": [],
            "force_remove": null,
            "id": "sha256:652c1a59b30b4ea36d1864f48222d0c0cadef3f9e2ac692116411f0156f46dd0localhost:5000/devops-challenge:latest",
            "image_id": "sha256:652c1a59b30b4ea36d1864f48222d0c0cadef3f9e2ac692116411f0156f46dd0",
            "keep_locally": null,
            "latest": "sha256:652c1a59b30b4ea36d1864f48222d0c0cadef3f9e2ac692116411f0156f46dd0",
            "name": "localhost:5000/devops-challenge:latest",
            "output": null,
            "pull_trigger": null,
            "pull_triggers": null,
            "repo_digest": "localhost:5000/devops-challenge@sha256:652c1a59b30b4ea36d1864f48222d0c0cadef3f9e2ac692116411f0156f46dd0",
            "triggers": null
          },
          "sensitive_attributes": [],
          "private": "bnVsbA=="
        }
      ]
    },
    {
      "mode": "managed",
      "type": "docker_image",
      "name": "nginx",
      "provider": "provider[\"registry.terraform.io/kreuzwerker/docker\"]",
      "instances": [
        {
          "schema_version": 0,
          "attributes": {
            "build": [],
            "force_remove": null,
            "id": "sha256:91734281c0ebfc6f1aea979cffeed5079cfe786228a71cc6f1f46a228cde6e34nginx:latest",
            "image_id": "sha256:91734281c0ebfc6f1aea979cffeed5079cfe786228a71cc6f1f46a228cde6e34",
            "keep_locally": null,
            "latest": "sha256:91734281c0ebfc6f1aea979cffeed5079cfe786228a71cc6f1f46a228cde6e34",
            "name": "nginx:latest",
            "output": null,
            "pull_trigger": null,
            "pull_triggers": null,
            "repo_digest": "nginx@sha256:91734281c0ebfc6f1aea979cffeed5079cfe786228a71cc6f1f46a228cde6e34",
            "triggers": null
          },
          "sensitive_attributes": [],
          "private": "bnVsbA=="
        }
      ]
    }
  ],
  "check_results": null
}
